
Microsoft Visual Studio Solution File, Format Version 12.00
# Visual Studio Version 17
<<<<<<< HEAD
VisualStudioVersion = 17.11.35222.181
MinimumVisualStudioVersion = 10.0.40219.1
Project("{8BC9CEB8-8B4A-11D0-8D11-00A0C91BC942}") = "CH03", "CH03\CH03.vcxproj", "{FEDCD5F1-5ECB-4462-B6C0-835C803BDA9D}"
=======
VisualStudioVersion = 17.11.35303.130
MinimumVisualStudioVersion = 10.0.40219.1
Project("{8BC9CEB8-8B4A-11D0-8D11-00A0C91BC942}") = "CH03", "CH03.vcxproj", "{49CFDC40-0982-46F9-986E-7FADA356D461}"
>>>>>>> 012e1428de44ce8e818b6376ea39bd86b36f9da1
EndProject
Global
	GlobalSection(SolutionConfigurationPlatforms) = preSolution
		Debug|x64 = Debug|x64
		Debug|x86 = Debug|x86
		Release|x64 = Release|x64
		Release|x86 = Release|x86
	EndGlobalSection
	GlobalSection(ProjectConfigurationPlatforms) = postSolution
<<<<<<< HEAD
		{FEDCD5F1-5ECB-4462-B6C0-835C803BDA9D}.Debug|x64.ActiveCfg = Debug|x64
		{FEDCD5F1-5ECB-4462-B6C0-835C803BDA9D}.Debug|x64.Build.0 = Debug|x64
		{FEDCD5F1-5ECB-4462-B6C0-835C803BDA9D}.Debug|x86.ActiveCfg = Debug|Win32
		{FEDCD5F1-5ECB-4462-B6C0-835C803BDA9D}.Debug|x86.Build.0 = Debug|Win32
		{FEDCD5F1-5ECB-4462-B6C0-835C803BDA9D}.Release|x64.ActiveCfg = Release|x64
		{FEDCD5F1-5ECB-4462-B6C0-835C803BDA9D}.Release|x64.Build.0 = Release|x64
		{FEDCD5F1-5ECB-4462-B6C0-835C803BDA9D}.Release|x86.ActiveCfg = Release|Win32
		{FEDCD5F1-5ECB-4462-B6C0-835C803BDA9D}.Release|x86.Build.0 = Release|Win32
=======
		{49CFDC40-0982-46F9-986E-7FADA356D461}.Debug|x64.ActiveCfg = Debug|x64
		{49CFDC40-0982-46F9-986E-7FADA356D461}.Debug|x64.Build.0 = Debug|x64
		{49CFDC40-0982-46F9-986E-7FADA356D461}.Debug|x86.ActiveCfg = Debug|Win32
		{49CFDC40-0982-46F9-986E-7FADA356D461}.Debug|x86.Build.0 = Debug|Win32
		{49CFDC40-0982-46F9-986E-7FADA356D461}.Release|x64.ActiveCfg = Release|x64
		{49CFDC40-0982-46F9-986E-7FADA356D461}.Release|x64.Build.0 = Release|x64
		{49CFDC40-0982-46F9-986E-7FADA356D461}.Release|x86.ActiveCfg = Release|Win32
		{49CFDC40-0982-46F9-986E-7FADA356D461}.Release|x86.Build.0 = Release|Win32
>>>>>>> 012e1428de44ce8e818b6376ea39bd86b36f9da1
	EndGlobalSection
	GlobalSection(SolutionProperties) = preSolution
		HideSolutionNode = FALSE
	EndGlobalSection
	GlobalSection(ExtensibilityGlobals) = postSolution
<<<<<<< HEAD
		SolutionGuid = {76CD2BA6-EB24-4036-9FEA-FD0C27E12E63}
=======
		SolutionGuid = {963CA049-23AA-48AE-9EED-1031F2EEEEA8}
>>>>>>> 012e1428de44ce8e818b6376ea39bd86b36f9da1
	EndGlobalSection
EndGlobal
